[[package]]
name = "dnspython"
version = "2.2.0"
description = "DNS toolkit"
category = "main"
optional = false
python-versions = ">=3.6,<4.0"

[package.extras]
dnssec = ["cryptography (>=2.6,<37.0)"]
curio = ["curio (>=1.2,<2.0)", "sniffio (>=1.1,<2.0)"]
doh = ["h2 (>=4.1.0)", "httpx (>=0.21.1)", "requests (>=2.23.0,<3.0.0)", "requests-toolbelt (>=0.9.1,<0.10.0)"]
idna = ["idna (>=2.1,<4.0)"]
trio = ["trio (>=0.14,<0.20)"]
wmi = ["wmi (>=1.5.1,<2.0.0)"]

[[package]]
name = "inflect"
version = "5.4.0"
description = "Correctly generate plurals, singular nouns, ordinals, indefinite articles; convert numbers to words"
category = "main"
optional = false
python-versions = ">=3.7"

[package.extras]
docs = ["sphinx", "jaraco.packaging (>=8.2)", "rst.linker (>=1.9)", "jaraco.tidelift (>=1.4)"]
testing = ["pytest (>=6)", "pytest-checkdocs (>=2.4)", "pytest-flake8", "pytest-cov", "pytest-enabler (>=1.0.1)", "pygments", "pytest-black (>=0.3.7)", "pytest-mypy"]

[metadata]
lock-version = "1.1"
python-versions = "^3.8"
content-hash = "c17bb4b10259682f45f4845422e075c1cac537c27f11660816972c545ba0ea00"

[metadata.files]
dnspython = [
    {file = "dnspython-2.2.0-py3-none-any.whl", hash = "sha256:081649da27ced5e75709a1ee542136eaba9842a0fe4c03da4fb0a3d3ed1f3c44"},
    {file = "dnspython-2.2.0.tar.gz", hash = "sha256:e79351e032d0b606b98d38a4b0e6e2275b31a5b85c873e587cc11b73aca026d6"},
]
inflect = [
    {file = "inflect-5.4.0-py3-none-any.whl", hash = "sha256:2eb3f9a481e12849370d5a74acc546cc128d79df6e483928aa78b5bb18244ef6"},
    {file = "inflect-5.4.0.tar.gz", hash = "sha256:b58d58c4e73ffca9b25e075c1c4fc9cadecbb5c99d7cd9f3cdedda73ece83c1c"},
]
